
Microsoft Visual Studio Solution File, Format Version 12.00
# Visual Studio 15
VisualStudioVersion = 15.0.28307.271
MinimumVisualStudioVersion = 10.0.40219.1
Project("{FAE04EC0-301F-11D3-BF4B-00C04F79EFBC}") = "Lab7", "Lab7\Lab7.csproj", "{C73612AF-C6BC-4D4C-A0FC-C59F9D6BD568}"
EndProject
Global
	GlobalSection(SolutionConfigurationPlatforms) = preSolution
		Debug|Any CPU = Debug|Any CPU
		Release|Any CPU = Release|Any CPU
	EndGlobalSection
	GlobalSection(ProjectConfigurationPlatforms) = postSolution
		{C73612AF-C6BC-4D4C-A0FC-C59F9D6BD568}.Debug|Any CPU.ActiveCfg = Debug|Any CPU
		{C73612AF-C6BC-4D4C-A0FC-C59F9D6BD568}.Debug|Any CPU.Build.0 = Debug|Any CPU
		{C73612AF-C6BC-4D4C-A0FC-C59F9D6BD568}.Release|Any CPU.ActiveCfg = Release|Any CPU
		{C73612AF-C6BC-4D4C-A0FC-C59F9D6BD568}.Release|Any CPU.Build.0 = Release|Any CPU
	EndGlobalSection
	GlobalSection(SolutionProperties) = preSolution
		HideSolutionNode = FALSE
	EndGlobalSection
	GlobalSection(ExtensibilityGlobals) = postSolution
		SolutionGuid = {216F7B11-E2BD-4EFA-A2DA-9C91B62E21F0}
	EndGlobalSection
EndGlobal
